
Microsoft Visual Studio Solution File, Format Version 12.00
# Visual Studio Version 17
VisualStudioVersion = 17.7.34031.279
MinimumVisualStudioVersion = 10.0.40219.1
Project("{9A19103F-16F7-4668-BE54-9A1E7A4F7556}") = "Tumbleweed", "Tumbleweed\Tumbleweed.csproj", "{6853809E-9569-4C64-8E32-80E242C2406F}"
EndProject
Project("{00D1A9C2-B5F0-4AF3-8072-F6C62B433612}") = "TumbleweedDb", "TumbleweedDb\TumbleweedDb.sqlproj", "{231E0D84-63A4-450E-89A8-16915618FCFD}"
EndProject
Global
	GlobalSection(SolutionConfigurationPlatforms) = preSolution
		Debug|Any CPU = Debug|Any CPU
		Release|Any CPU = Release|Any CPU
	EndGlobalSection
	GlobalSection(ProjectConfigurationPlatforms) = postSolution
		{6853809E-9569-4C64-8E32-80E242C2406F}.Debug|Any CPU.ActiveCfg = Debug|Any CPU
		{6853809E-9569-4C64-8E32-80E242C2406F}.Debug|Any CPU.Build.0 = Debug|Any CPU
		{6853809E-9569-4C64-8E32-80E242C2406F}.Release|Any CPU.ActiveCfg = Release|Any CPU
		{6853809E-9569-4C64-8E32-80E242C2406F}.Release|Any CPU.Build.0 = Release|Any CPU
		{231E0D84-63A4-450E-89A8-16915618FCFD}.Debug|Any CPU.ActiveCfg = Debug|Any CPU
		{231E0D84-63A4-450E-89A8-16915618FCFD}.Debug|Any CPU.Build.0 = Debug|Any CPU
		{231E0D84-63A4-450E-89A8-16915618FCFD}.Debug|Any CPU.Deploy.0 = Debug|Any CPU
		{231E0D84-63A4-450E-89A8-16915618FCFD}.Release|Any CPU.ActiveCfg = Release|Any CPU
		{231E0D84-63A4-450E-89A8-16915618FCFD}.Release|Any CPU.Build.0 = Release|Any CPU
		{231E0D84-63A4-450E-89A8-16915618FCFD}.Release|Any CPU.Deploy.0 = Release|Any CPU
	EndGlobalSection
	GlobalSection(SolutionProperties) = preSolution
		HideSolutionNode = FALSE
	EndGlobalSection
	GlobalSection(ExtensibilityGlobals) = postSolution
		SolutionGuid = {0BCB4AB5-955B-423A-BD13-20714173B767}
	EndGlobalSection
EndGlobal
