
Microsoft Visual Studio Solution File, Format Version 12.00
# Visual Studio Version 17
VisualStudioVersion = 17.7.34031.279
MinimumVisualStudioVersion = 10.0.40219.1
Project("{9A19103F-16F7-4668-BE54-9A1E7A4F7556}") = "Tumbleweed", "Tumbleweed\Tumbleweed.csproj", "{27DE0820-7F90-4EAC-AD16-4C6BCA6A1D03}"
EndProject
Project("{00D1A9C2-B5F0-4AF3-8072-F6C62B433612}") = "TumbleweedDB", "TumbleweedDB\TumbleweedDB.sqlproj", "{0650989E-9CFD-4F93-98DD-DE4A248226BB}"
EndProject
Global
	GlobalSection(SolutionConfigurationPlatforms) = preSolution
		Debug|Any CPU = Debug|Any CPU
		Release|Any CPU = Release|Any CPU
	EndGlobalSection
	GlobalSection(ProjectConfigurationPlatforms) = postSolution
		{27DE0820-7F90-4EAC-AD16-4C6BCA6A1D03}.Debug|Any CPU.ActiveCfg = Debug|Any CPU
		{27DE0820-7F90-4EAC-AD16-4C6BCA6A1D03}.Debug|Any CPU.Build.0 = Debug|Any CPU
		{27DE0820-7F90-4EAC-AD16-4C6BCA6A1D03}.Release|Any CPU.ActiveCfg = Release|Any CPU
		{27DE0820-7F90-4EAC-AD16-4C6BCA6A1D03}.Release|Any CPU.Build.0 = Release|Any CPU
		{0650989E-9CFD-4F93-98DD-DE4A248226BB}.Debug|Any CPU.ActiveCfg = Debug|Any CPU
		{0650989E-9CFD-4F93-98DD-DE4A248226BB}.Debug|Any CPU.Build.0 = Debug|Any CPU
		{0650989E-9CFD-4F93-98DD-DE4A248226BB}.Debug|Any CPU.Deploy.0 = Debug|Any CPU
		{0650989E-9CFD-4F93-98DD-DE4A248226BB}.Release|Any CPU.ActiveCfg = Release|Any CPU
		{0650989E-9CFD-4F93-98DD-DE4A248226BB}.Release|Any CPU.Build.0 = Release|Any CPU
		{0650989E-9CFD-4F93-98DD-DE4A248226BB}.Release|Any CPU.Deploy.0 = Release|Any CPU
	EndGlobalSection
	GlobalSection(SolutionProperties) = preSolution
		HideSolutionNode = FALSE
	EndGlobalSection
	GlobalSection(ExtensibilityGlobals) = postSolution
		SolutionGuid = {43B464A4-1949-4782-9B66-9A7E669A54C4}
	EndGlobalSection
EndGlobal
